
Microsoft Visual Studio Solution File, Format Version 12.00
# Visual Studio Version 17
VisualStudioVersion = 17.8.34511.84
MinimumVisualStudioVersion = 10.0.40219.1
Project("{FAE04EC0-301F-11D3-BF4B-00C04F79EFBC}") = "BossAzProject", "BossAzProject\BossAzProject.csproj", "{8BBF03FA-C70D-4230-BFB7-3B4D19571F78}"
EndProject
Global
	GlobalSection(SolutionConfigurationPlatforms) = preSolution
		Debug|Any CPU = Debug|Any CPU
		Release|Any CPU = Release|Any CPU
	EndGlobalSection
	GlobalSection(ProjectConfigurationPlatforms) = postSolution
		{8BBF03FA-C70D-4230-BFB7-3B4D19571F78}.Debug|Any CPU.ActiveCfg = Debug|Any CPU
		{8BBF03FA-C70D-4230-BFB7-3B4D19571F78}.Debug|Any CPU.Build.0 = Debug|Any CPU
		{8BBF03FA-C70D-4230-BFB7-3B4D19571F78}.Release|Any CPU.ActiveCfg = Release|Any CPU
		{8BBF03FA-C70D-4230-BFB7-3B4D19571F78}.Release|Any CPU.Build.0 = Release|Any CPU
	EndGlobalSection
	GlobalSection(SolutionProperties) = preSolution
		HideSolutionNode = FALSE
	EndGlobalSection
	GlobalSection(ExtensibilityGlobals) = postSolution
		SolutionGuid = {C5747598-4C22-412E-87F7-2D8F5E2ABE17}
	EndGlobalSection
EndGlobal
